
Microsoft Visual Studio Solution File, Format Version 12.00
# Visual Studio Version 16
VisualStudioVersion = 16.0.29009.5
MinimumVisualStudioVersion = 10.0.40219.1
Project("{8BC9CEB8-8B4A-11D0-8D11-00A0C91BC942}") = "dinput8-mhw", "dinput8-mhw\dinput8-mhw.vcxproj", "{47D7380A-7CA7-4FB5-A415-12E1FB99FF97}"
	ProjectSection(ProjectDependencies) = postProject
		{F142A341-5EE0-442D-A15F-98AE9B48DBAE} = {F142A341-5EE0-442D-A15F-98AE9B48DBAE}
	EndProjectSection
EndProject
Project("{2150E333-8FDC-42A3-9474-1A3956D46DE8}") = "external", "external", "{D26C22BC-B754-412D-8DF3-9802E1377C41}"
EndProject
Project("{8BC9CEB8-8B4A-11D0-8D11-00A0C91BC942}") = "libMinHook", "external\minhook\build\VC15\libMinHook.vcxproj", "{F142A341-5EE0-442D-A15F-98AE9B48DBAE}"
EndProject
Global
	GlobalSection(SolutionConfigurationPlatforms) = preSolution
		Debug|x64 = Debug|x64
		Debug|x86 = Debug|x86
		Release|x64 = Release|x64
		Release|x86 = Release|x86
	EndGlobalSection
	GlobalSection(ProjectConfigurationPlatforms) = postSolution
		{47D7380A-7CA7-4FB5-A415-12E1FB99FF97}.Debug|x64.ActiveCfg = Debug|x64
		{47D7380A-7CA7-4FB5-A415-12E1FB99FF97}.Debug|x64.Build.0 = Debug|x64
		{47D7380A-7CA7-4FB5-A415-12E1FB99FF97}.Debug|x86.ActiveCfg = Debug|Win32
		{47D7380A-7CA7-4FB5-A415-12E1FB99FF97}.Debug|x86.Build.0 = Debug|Win32
		{47D7380A-7CA7-4FB5-A415-12E1FB99FF97}.Release|x64.ActiveCfg = Release|x64
		{47D7380A-7CA7-4FB5-A415-12E1FB99FF97}.Release|x64.Build.0 = Release|x64
		{47D7380A-7CA7-4FB5-A415-12E1FB99FF97}.Release|x86.ActiveCfg = Release|Win32
		{47D7380A-7CA7-4FB5-A415-12E1FB99FF97}.Release|x86.Build.0 = Release|Win32
		{F142A341-5EE0-442D-A15F-98AE9B48DBAE}.Debug|x64.ActiveCfg = Debug|x64
		{F142A341-5EE0-442D-A15F-98AE9B48DBAE}.Debug|x64.Build.0 = Debug|x64
		{F142A341-5EE0-442D-A15F-98AE9B48DBAE}.Debug|x86.ActiveCfg = Debug|Win32
		{F142A341-5EE0-442D-A15F-98AE9B48DBAE}.Debug|x86.Build.0 = Debug|Win32
		{F142A341-5EE0-442D-A15F-98AE9B48DBAE}.Release|x64.ActiveCfg = Release|x64
		{F142A341-5EE0-442D-A15F-98AE9B48DBAE}.Release|x64.Build.0 = Release|x64
		{F142A341-5EE0-442D-A15F-98AE9B48DBAE}.Release|x86.ActiveCfg = Release|Win32
		{F142A341-5EE0-442D-A15F-98AE9B48DBAE}.Release|x86.Build.0 = Release|Win32
	EndGlobalSection
	GlobalSection(SolutionProperties) = preSolution
		HideSolutionNode = FALSE
	EndGlobalSection
	GlobalSection(NestedProjects) = preSolution
		{F142A341-5EE0-442D-A15F-98AE9B48DBAE} = {D26C22BC-B754-412D-8DF3-9802E1377C41}
	EndGlobalSection
	GlobalSection(ExtensibilityGlobals) = postSolution
		SolutionGuid = {FE0159EE-22D5-460B-893C-8F074349F7EB}
	EndGlobalSection
EndGlobal
