
Microsoft Visual Studio Solution File, Format Version 12.00
# Visual Studio Version 17
VisualStudioVersion = 17.5.33627.172
MinimumVisualStudioVersion = 10.0.40219.1
Project("{2150E333-8FDC-42A3-9474-1A3956D46DE8}") = "external", "external", "{D26C22BC-B754-412D-8DF3-9802E1377C41}"
	ProjectSection(SolutionItems) = preProject
		external\json\nlohmann\json.hpp = external\json\nlohmann\json.hpp
	EndProjectSection
EndProject
Project("{8BC9CEB8-8B4A-11D0-8D11-00A0C91BC942}") = "libMinHook", "external\minhook\build\VC15\libMinHook.vcxproj", "{F142A341-5EE0-442D-A15F-98AE9B48DBAE}"
EndProject
Project("{2150E333-8FDC-42A3-9474-1A3956D46DE8}") = "Plugins", "Plugins", "{12C6CB3B-8095-4EF0-BD7D-EF433D5EB95D}"
EndProject
Project("{8BC9CEB8-8B4A-11D0-8D11-00A0C91BC942}") = "DllLoader", "DllLoader\DllLoader.vcxproj", "{0E3B003F-F4E5-4DEA-9D17-B0B3260B0432}"
EndProject
Project("{8BC9CEB8-8B4A-11D0-8D11-00A0C91BC942}") = "MHWLoader", "MHWLoader\loader.vcxproj", "{47D7380A-7CA7-4FB5-A415-12E1FB99FF97}"
EndProject
Project("{8BC9CEB8-8B4A-11D0-8D11-00A0C91BC942}") = "MemoryModule", "external\MemoryModule\MemoryModule.vcxproj", "{0CFEC38B-1F44-41DC-9203-3973A8E14B2A}"
EndProject
Project("{8BC9CEB8-8B4A-11D0-8D11-00A0C91BC942}") = "QuestLoader", "Plugins\QuestLoader\QuestLoader.vcxproj", "{72A3ADB0-9165-499A-B235-5A80AA3E22BA}"
EndProject
Project("{8BC9CEB8-8B4A-11D0-8D11-00A0C91BC942}") = "MonsterLoader", "Plugins\MonsterLoader\MonsterLoader.vcxproj", "{F411664E-CC59-4B14-92BF-D9C361B86598}"
EndProject
Global
	GlobalSection(SolutionConfigurationPlatforms) = preSolution
		Release|x64 = Release|x64
	EndGlobalSection
	GlobalSection(ProjectConfigurationPlatforms) = postSolution
		{F142A341-5EE0-442D-A15F-98AE9B48DBAE}.Release|x64.ActiveCfg = Release|x64
		{F142A341-5EE0-442D-A15F-98AE9B48DBAE}.Release|x64.Build.0 = Release|x64
		{0E3B003F-F4E5-4DEA-9D17-B0B3260B0432}.Release|x64.ActiveCfg = Release|x64
		{0E3B003F-F4E5-4DEA-9D17-B0B3260B0432}.Release|x64.Build.0 = Release|x64
		{47D7380A-7CA7-4FB5-A415-12E1FB99FF97}.Release|x64.ActiveCfg = Release|x64
		{47D7380A-7CA7-4FB5-A415-12E1FB99FF97}.Release|x64.Build.0 = Release|x64
		{0CFEC38B-1F44-41DC-9203-3973A8E14B2A}.Release|x64.ActiveCfg = Release|x64
		{0CFEC38B-1F44-41DC-9203-3973A8E14B2A}.Release|x64.Build.0 = Release|x64
		{72A3ADB0-9165-499A-B235-5A80AA3E22BA}.Release|x64.ActiveCfg = Release|x64
		{72A3ADB0-9165-499A-B235-5A80AA3E22BA}.Release|x64.Build.0 = Release|x64
		{F411664E-CC59-4B14-92BF-D9C361B86598}.Release|x64.ActiveCfg = Release|x64
		{F411664E-CC59-4B14-92BF-D9C361B86598}.Release|x64.Build.0 = Release|x64
	EndGlobalSection
	GlobalSection(SolutionProperties) = preSolution
		HideSolutionNode = FALSE
	EndGlobalSection
	GlobalSection(NestedProjects) = preSolution
		{F142A341-5EE0-442D-A15F-98AE9B48DBAE} = {D26C22BC-B754-412D-8DF3-9802E1377C41}
		{0CFEC38B-1F44-41DC-9203-3973A8E14B2A} = {D26C22BC-B754-412D-8DF3-9802E1377C41}
		{72A3ADB0-9165-499A-B235-5A80AA3E22BA} = {12C6CB3B-8095-4EF0-BD7D-EF433D5EB95D}
		{F411664E-CC59-4B14-92BF-D9C361B86598} = {12C6CB3B-8095-4EF0-BD7D-EF433D5EB95D}
	EndGlobalSection
	GlobalSection(ExtensibilityGlobals) = postSolution
		SolutionGuid = {FE0159EE-22D5-460B-893C-8F074349F7EB}
	EndGlobalSection
EndGlobal
